
Microsoft Visual Studio Solution File, Format Version 12.00
# Visual Studio Version 17
VisualStudioVersion = 17.8.34309.116
MinimumVisualStudioVersion = 10.0.40219.1
Project("{778DAE3C-4631-46EA-AA77-85C1314464D9}") = "DiscordSandbox", "DiscordSandbox\DiscordSandbox.vbproj", "{19CEFD46-A0FB-4D44-BD57-2325C7189A39}"
EndProject
Project("{778DAE3C-4631-46EA-AA77-85C1314464D9}") = "DiscordSandboxTests", "DiscordSandboxTests\DiscordSandboxTests.vbproj", "{0908FCE7-1269-4A2C-8BF3-CBDA5FCF2C45}"
EndProject
Project("{778DAE3C-4631-46EA-AA77-85C1314464D9}") = "SPLORR.Host", "SPLORR.Host\SPLORR.Host.vbproj", "{8952CC62-3625-4896-9E1C-90494DC88BDD}"
EndProject
Project("{00D1A9C2-B5F0-4AF3-8072-F6C62B433612}") = "SPLORR.Database", "SPLORR.Database\SPLORR.Database.sqlproj", "{903EE261-1042-4824-868A-9ACFB9BFA5EB}"
EndProject
Project("{F184B08F-C81C-45F6-A57F-5ABD9991F28F}") = "SPLORR.Bot", "SPLORR.Bot\SPLORR.Bot.vbproj", "{405036DE-868A-407F-AA81-01216E57650B}"
EndProject
Project("{F184B08F-C81C-45F6-A57F-5ABD9991F28F}") = "SPLORR.Bot.Tests", "SPLORR.Bot.Tests\SPLORR.Bot.Tests.vbproj", "{8C18F0EB-4B64-461A-A3F7-C8ECD7780827}"
EndProject
Project("{2150E333-8FDC-42A3-9474-1A3956D46DE8}") = "Legacy", "Legacy", "{AA66684A-1A05-48E1-8184-4E3304499B0A}"
EndProject
Project("{2150E333-8FDC-42A3-9474-1A3956D46DE8}") = "Database", "Database", "{206E194C-50A1-42D0-97A8-FF17CC9DC332}"
EndProject
Project("{2150E333-8FDC-42A3-9474-1A3956D46DE8}") = "Bot", "Bot", "{DB6A3014-D263-4C0A-B961-AF696D6D009B}"
EndProject
Global
	GlobalSection(SolutionConfigurationPlatforms) = preSolution
		Debug|Any CPU = Debug|Any CPU
		Release|Any CPU = Release|Any CPU
	EndGlobalSection
	GlobalSection(ProjectConfigurationPlatforms) = postSolution
		{19CEFD46-A0FB-4D44-BD57-2325C7189A39}.Debug|Any CPU.ActiveCfg = Debug|Any CPU
		{19CEFD46-A0FB-4D44-BD57-2325C7189A39}.Debug|Any CPU.Build.0 = Debug|Any CPU
		{19CEFD46-A0FB-4D44-BD57-2325C7189A39}.Release|Any CPU.ActiveCfg = Release|Any CPU
		{19CEFD46-A0FB-4D44-BD57-2325C7189A39}.Release|Any CPU.Build.0 = Release|Any CPU
		{0908FCE7-1269-4A2C-8BF3-CBDA5FCF2C45}.Debug|Any CPU.ActiveCfg = Debug|Any CPU
		{0908FCE7-1269-4A2C-8BF3-CBDA5FCF2C45}.Debug|Any CPU.Build.0 = Debug|Any CPU
		{0908FCE7-1269-4A2C-8BF3-CBDA5FCF2C45}.Release|Any CPU.ActiveCfg = Release|Any CPU
		{0908FCE7-1269-4A2C-8BF3-CBDA5FCF2C45}.Release|Any CPU.Build.0 = Release|Any CPU
		{8952CC62-3625-4896-9E1C-90494DC88BDD}.Debug|Any CPU.ActiveCfg = Debug|Any CPU
		{8952CC62-3625-4896-9E1C-90494DC88BDD}.Debug|Any CPU.Build.0 = Debug|Any CPU
		{8952CC62-3625-4896-9E1C-90494DC88BDD}.Release|Any CPU.ActiveCfg = Release|Any CPU
		{8952CC62-3625-4896-9E1C-90494DC88BDD}.Release|Any CPU.Build.0 = Release|Any CPU
		{903EE261-1042-4824-868A-9ACFB9BFA5EB}.Debug|Any CPU.ActiveCfg = Debug|Any CPU
		{903EE261-1042-4824-868A-9ACFB9BFA5EB}.Debug|Any CPU.Build.0 = Debug|Any CPU
		{903EE261-1042-4824-868A-9ACFB9BFA5EB}.Debug|Any CPU.Deploy.0 = Debug|Any CPU
		{903EE261-1042-4824-868A-9ACFB9BFA5EB}.Release|Any CPU.ActiveCfg = Release|Any CPU
		{903EE261-1042-4824-868A-9ACFB9BFA5EB}.Release|Any CPU.Build.0 = Release|Any CPU
		{903EE261-1042-4824-868A-9ACFB9BFA5EB}.Release|Any CPU.Deploy.0 = Release|Any CPU
		{405036DE-868A-407F-AA81-01216E57650B}.Debug|Any CPU.ActiveCfg = Debug|Any CPU
		{405036DE-868A-407F-AA81-01216E57650B}.Debug|Any CPU.Build.0 = Debug|Any CPU
		{405036DE-868A-407F-AA81-01216E57650B}.Release|Any CPU.ActiveCfg = Release|Any CPU
		{405036DE-868A-407F-AA81-01216E57650B}.Release|Any CPU.Build.0 = Release|Any CPU
		{8C18F0EB-4B64-461A-A3F7-C8ECD7780827}.Debug|Any CPU.ActiveCfg = Debug|Any CPU
		{8C18F0EB-4B64-461A-A3F7-C8ECD7780827}.Debug|Any CPU.Build.0 = Debug|Any CPU
		{8C18F0EB-4B64-461A-A3F7-C8ECD7780827}.Release|Any CPU.ActiveCfg = Release|Any CPU
		{8C18F0EB-4B64-461A-A3F7-C8ECD7780827}.Release|Any CPU.Build.0 = Release|Any CPU
	EndGlobalSection
	GlobalSection(SolutionProperties) = preSolution
		HideSolutionNode = FALSE
	EndGlobalSection
	GlobalSection(NestedProjects) = preSolution
		{19CEFD46-A0FB-4D44-BD57-2325C7189A39} = {AA66684A-1A05-48E1-8184-4E3304499B0A}
		{0908FCE7-1269-4A2C-8BF3-CBDA5FCF2C45} = {AA66684A-1A05-48E1-8184-4E3304499B0A}
		{903EE261-1042-4824-868A-9ACFB9BFA5EB} = {206E194C-50A1-42D0-97A8-FF17CC9DC332}
		{405036DE-868A-407F-AA81-01216E57650B} = {DB6A3014-D263-4C0A-B961-AF696D6D009B}
		{8C18F0EB-4B64-461A-A3F7-C8ECD7780827} = {DB6A3014-D263-4C0A-B961-AF696D6D009B}
	EndGlobalSection
	GlobalSection(ExtensibilityGlobals) = postSolution
		SolutionGuid = {34714AB2-27B0-4B49-BF1E-54D046F97480}
	EndGlobalSection
EndGlobal
