
Microsoft Visual Studio Solution File, Format Version 12.00
# Visual Studio Version 17
VisualStudioVersion = 17.8.34309.116
MinimumVisualStudioVersion = 10.0.40219.1
Project("{778DAE3C-4631-46EA-AA77-85C1314464D9}") = "SPLORR.Host", "SPLORR.Host\SPLORR.Host.vbproj", "{8952CC62-3625-4896-9E1C-90494DC88BDD}"
EndProject
Project("{00D1A9C2-B5F0-4AF3-8072-F6C62B433612}") = "SPLORR.Database", "SPLORR.Database\SPLORR.Database.sqlproj", "{903EE261-1042-4824-868A-9ACFB9BFA5EB}"
EndProject
Project("{778DAE3C-4631-46EA-AA77-85C1314464D9}") = "SPLORR.Bot", "SPLORR.Bot\SPLORR.Bot.vbproj", "{405036DE-868A-407F-AA81-01216E57650B}"
EndProject
Project("{778DAE3C-4631-46EA-AA77-85C1314464D9}") = "SPLORR.ConsoleHost", "SPLORR.ConsoleHost\SPLORR.ConsoleHost.vbproj", "{1242DDF8-A4DD-40BF-98F8-0984F286999C}"
EndProject
Project("{778DAE3C-4631-46EA-AA77-85C1314464D9}") = "SPLORR.Model", "SPLORR.Model\SPLORR.Model.vbproj", "{30949EEB-DAC1-4A23-8915-2A2DE2DCAEA2}"
EndProject
Project("{778DAE3C-4631-46EA-AA77-85C1314464D9}") = "SPLORR.Data", "SPLORR.Data\SPLORR.Data.vbproj", "{932240C8-5D84-45D6-8725-1D1EAD60F182}"
EndProject
Project("{778DAE3C-4631-46EA-AA77-85C1314464D9}") = "SPLORR.Game", "SPLORR.Game\SPLORR.Game.vbproj", "{86F2E978-7B4C-49FB-9464-EB2C85886E45}"
EndProject
Project("{2150E333-8FDC-42A3-9474-1A3956D46DE8}") = "_STUFF", "_STUFF", "{2C219C2F-06CB-474E-BD48-587F8903AF95}"
	ProjectSection(SolutionItems) = preProject
		SPLORR.scmp = SPLORR.scmp
	EndProjectSection
EndProject
Global
	GlobalSection(SolutionConfigurationPlatforms) = preSolution
		Debug|Any CPU = Debug|Any CPU
		Release|Any CPU = Release|Any CPU
	EndGlobalSection
	GlobalSection(ProjectConfigurationPlatforms) = postSolution
		{8952CC62-3625-4896-9E1C-90494DC88BDD}.Debug|Any CPU.ActiveCfg = Debug|Any CPU
		{8952CC62-3625-4896-9E1C-90494DC88BDD}.Debug|Any CPU.Build.0 = Debug|Any CPU
		{8952CC62-3625-4896-9E1C-90494DC88BDD}.Release|Any CPU.ActiveCfg = Release|Any CPU
		{8952CC62-3625-4896-9E1C-90494DC88BDD}.Release|Any CPU.Build.0 = Release|Any CPU
		{903EE261-1042-4824-868A-9ACFB9BFA5EB}.Debug|Any CPU.ActiveCfg = Debug|Any CPU
		{903EE261-1042-4824-868A-9ACFB9BFA5EB}.Debug|Any CPU.Build.0 = Debug|Any CPU
		{903EE261-1042-4824-868A-9ACFB9BFA5EB}.Debug|Any CPU.Deploy.0 = Debug|Any CPU
		{903EE261-1042-4824-868A-9ACFB9BFA5EB}.Release|Any CPU.ActiveCfg = Release|Any CPU
		{903EE261-1042-4824-868A-9ACFB9BFA5EB}.Release|Any CPU.Build.0 = Release|Any CPU
		{903EE261-1042-4824-868A-9ACFB9BFA5EB}.Release|Any CPU.Deploy.0 = Release|Any CPU
		{405036DE-868A-407F-AA81-01216E57650B}.Debug|Any CPU.ActiveCfg = Debug|Any CPU
		{405036DE-868A-407F-AA81-01216E57650B}.Debug|Any CPU.Build.0 = Debug|Any CPU
		{405036DE-868A-407F-AA81-01216E57650B}.Release|Any CPU.ActiveCfg = Release|Any CPU
		{405036DE-868A-407F-AA81-01216E57650B}.Release|Any CPU.Build.0 = Release|Any CPU
		{1242DDF8-A4DD-40BF-98F8-0984F286999C}.Debug|Any CPU.ActiveCfg = Debug|Any CPU
		{1242DDF8-A4DD-40BF-98F8-0984F286999C}.Debug|Any CPU.Build.0 = Debug|Any CPU
		{1242DDF8-A4DD-40BF-98F8-0984F286999C}.Release|Any CPU.ActiveCfg = Release|Any CPU
		{1242DDF8-A4DD-40BF-98F8-0984F286999C}.Release|Any CPU.Build.0 = Release|Any CPU
		{30949EEB-DAC1-4A23-8915-2A2DE2DCAEA2}.Debug|Any CPU.ActiveCfg = Debug|Any CPU
		{30949EEB-DAC1-4A23-8915-2A2DE2DCAEA2}.Debug|Any CPU.Build.0 = Debug|Any CPU
		{30949EEB-DAC1-4A23-8915-2A2DE2DCAEA2}.Release|Any CPU.ActiveCfg = Release|Any CPU
		{30949EEB-DAC1-4A23-8915-2A2DE2DCAEA2}.Release|Any CPU.Build.0 = Release|Any CPU
		{932240C8-5D84-45D6-8725-1D1EAD60F182}.Debug|Any CPU.ActiveCfg = Debug|Any CPU
		{932240C8-5D84-45D6-8725-1D1EAD60F182}.Debug|Any CPU.Build.0 = Debug|Any CPU
		{932240C8-5D84-45D6-8725-1D1EAD60F182}.Release|Any CPU.ActiveCfg = Release|Any CPU
		{932240C8-5D84-45D6-8725-1D1EAD60F182}.Release|Any CPU.Build.0 = Release|Any CPU
		{86F2E978-7B4C-49FB-9464-EB2C85886E45}.Debug|Any CPU.ActiveCfg = Debug|Any CPU
		{86F2E978-7B4C-49FB-9464-EB2C85886E45}.Debug|Any CPU.Build.0 = Debug|Any CPU
		{86F2E978-7B4C-49FB-9464-EB2C85886E45}.Release|Any CPU.ActiveCfg = Release|Any CPU
		{86F2E978-7B4C-49FB-9464-EB2C85886E45}.Release|Any CPU.Build.0 = Release|Any CPU
	EndGlobalSection
	GlobalSection(SolutionProperties) = preSolution
		HideSolutionNode = FALSE
	EndGlobalSection
	GlobalSection(ExtensibilityGlobals) = postSolution
		SolutionGuid = {34714AB2-27B0-4B49-BF1E-54D046F97480}
	EndGlobalSection
EndGlobal
